<?xml version="1.0" encoding="utf-8"?>
<Project ToolsVersion="4.0" xmlns="http://schemas.microsoft.com/developer/msbuild/2003">
  <ItemGroup>
    <Filter Include="소스 파일">
      <UniqueIdentifier>{4FC737F1-C7A5-4376-A066-2A32D752A2FF}</UniqueIdentifier>
      <Extensions>cpp;c;cc;cxx;c++;cppm;ixx;def;odl;idl;hpj;bat;asm;asmx</Extensions>
    </Filter>
    <Filter Include="헤더 파일">
      <UniqueIdentifier>{93995380-89BD-4b04-88EB-625FBE52EBFB}</UniqueIdentifier>
      <Extensions>h;hh;hpp;hxx;h++;hm;inl;inc;ipp;xsd</Extensions>
    </Filter>
    <Filter Include="리소스 파일">
      <UniqueIdentifier>{67DA6AB6-F800-4c08-8B7A-83BB121AAD01}</UniqueIdentifier>
      <Extensions>rc;ico;cur;bmp;dlg;rc2;rct;bin;rgs;gif;jpg;jpeg;jpe;resx;tiff;tif;png;wav;mfcribbon-ms</Extensions>
    </Filter>
    <Filter Include="Scene">
      <UniqueIdentifier>{7bba15ab-ee2f-4ba9-9381-444edc2e4e49}</UniqueIdentifier>
    </Filter>
    <Filter Include="GameObject">
      <UniqueIdentifier>{a746d2cf-b527-4ff9-a9c5-47b369ca470c}</UniqueIdentifier>
    </Filter>
    <Filter Include="System">
      <UniqueIdentifier>{b3773c05-f3e3-420a-8ae6-bbb15ca5d43c}</UniqueIdentifier>
    </Filter>
    <Filter Include="TerrainScene">
      <UniqueIdentifier>{07a7817b-6bca-4929-b2ce-9efc5ca0a283}</UniqueIdentifier>
    </Filter>
    <Filter Include="UI">
      <UniqueIdentifier>{2a919e25-34db-47c3-8f87-a3b30b1b9e92}</UniqueIdentifier>
    </Filter>
  </ItemGroup>
  <ItemGroup>
    <ClCompile Include="pch.cpp">
      <Filter>소스 파일</Filter>
    </ClCompile>
    <ClCompile Include="GameObject\GameObject.cpp">
      <Filter>GameObject</Filter>
    </ClCompile>
    <ClCompile Include="GameObject\Transform.cpp">
      <Filter>GameObject</Filter>
    </ClCompile>
    <ClCompile Include="GameObject\Collider.cpp">
      <Filter>GameObject</Filter>
    </ClCompile>
    <ClCompile Include="Scene\Camera.cpp">
      <Filter>Scene</Filter>
    </ClCompile>
    <ClCompile Include="Scene\Scene.cpp">
      <Filter>Scene</Filter>
    </ClCompile>
    <ClCompile Include="System\Timer.cpp">
      <Filter>System</Filter>
    </ClCompile>
    <ClCompile Include="System\Input.cpp">
      <Filter>System</Filter>
    </ClCompile>
    <ClCompile Include="GameObject\Animator.cpp">
      <Filter>GameObject</Filter>
    </ClCompile>
    <ClCompile Include="Scene\Player.cpp">
      <Filter>Scene</Filter>
    </ClCompile>
    <ClCompile Include="GameObject\EquipmentObject.cpp">
      <Filter>GameObject</Filter>
    </ClCompile>
    <ClCompile Include="UI\Inventory.cpp">
      <Filter>UI</Filter>
    </ClCompile>
    <ClCompile Include="UI\HealthBar.cpp">
      <Filter>UI</Filter>
    </ClCompile>
    <ClCompile Include="UI\Profile.cpp">
      <Filter>UI</Filter>
    </ClCompile>
  </ItemGroup>
  <ItemGroup>
    <ClInclude Include="pch.h">
      <Filter>헤더 파일</Filter>
    </ClInclude>
    <ClInclude Include="GameObject\GameObject.h">
      <Filter>GameObject</Filter>
    </ClInclude>
    <ClInclude Include="GameObject\Transform.h">
      <Filter>GameObject</Filter>
    </ClInclude>
    <ClInclude Include="GameObject\Collider.h">
      <Filter>GameObject</Filter>
    </ClInclude>
    <ClInclude Include="Scene\Camera.h">
      <Filter>Scene</Filter>
    </ClInclude>
    <ClInclude Include="Scene\Scene.h">
      <Filter>Scene</Filter>
    </ClInclude>
    <ClInclude Include="System\Timer.h">
      <Filter>System</Filter>
    </ClInclude>
    <ClInclude Include="System\Input.h">
      <Filter>System</Filter>
    </ClInclude>
    <ClInclude Include="GameObject\Animator.h">
      <Filter>GameObject</Filter>
    </ClInclude>
    <ClInclude Include="Scene\Player.h">
      <Filter>Scene</Filter>
    </ClInclude>
    <ClInclude Include="GameObject\EquipmentObject.h">
      <Filter>GameObject</Filter>
    </ClInclude>
    <ClInclude Include="UI\Inventory.h">
      <Filter>UI</Filter>
    </ClInclude>
    <ClInclude Include="UI\HealthBar.h">
      <Filter>UI</Filter>
    </ClInclude>
    <ClInclude Include="UI\Profile.h">
      <Filter>UI</Filter>
    </ClInclude>
  </ItemGroup>
</Project>