
Microsoft Visual Studio Solution File, Format Version 12.00
# Visual Studio Version 17
VisualStudioVersion = 17.11.35312.102
MinimumVisualStudioVersion = 10.0.40219.1
Project("{8BC9CEB8-8B4A-11D0-8D11-00A0C91BC942}") = "EmberFall", "EmberFall.vcxproj", "{0FD532D1-F0E2-40D3-B07B-B146A91991DE}"
	ProjectSection(ProjectDependencies) = postProject
		{2441C559-4041-4AD6-8486-D3035921EA95} = {2441C559-4041-4AD6-8486-D3035921EA95}
		{7EA21D23-3E70-4B0D-9E5F-FF95F018408D} = {7EA21D23-3E70-4B0D-9E5F-FF95F018408D}
		{E6A8B5D9-C258-4DB8-A764-EE112D68FAFC} = {E6A8B5D9-C258-4DB8-A764-EE112D68FAFC}
		{F6FDFD38-60D8-48F7-B57D-5F7C2ED0085C} = {F6FDFD38-60D8-48F7-B57D-5F7C2ED0085C}
	EndProjectSection
EndProject
Project("{8BC9CEB8-8B4A-11D0-8D11-00A0C91BC942}") = "EditorInterface", "EditorInterface\EditorInterface.vcxproj", "{7EA21D23-3E70-4B0D-9E5F-FF95F018408D}"
EndProject
Project("{2150E333-8FDC-42A3-9474-1A3956D46DE8}") = "Solution Items", "Solution Items", "{76BCFA82-A2D6-4AF0-A82D-F7207922B70E}"
	ProjectSection(SolutionItems) = preProject
		.editorconfig = .editorconfig
	EndProjectSection
EndProject
Project("{8BC9CEB8-8B4A-11D0-8D11-00A0C91BC942}") = "Utility", "Utility\Utility.vcxproj", "{741CE5AF-09EA-455B-98AA-032D1A0A7569}"
EndProject
Project("{8BC9CEB8-8B4A-11D0-8D11-00A0C91BC942}") = "ServerLib", "ServerLib\ServerLib.vcxproj", "{110020AE-90E9-4D29-B700-E61288FE47E9}"
EndProject
Project("{8BC9CEB8-8B4A-11D0-8D11-00A0C91BC942}") = "EmberFallServer", "EmberFallServer\EmberFallServer.vcxproj", "{DD834B1E-3AC9-4445-AC2A-AE120E2AC424}"
	ProjectSection(ProjectDependencies) = postProject
		{110020AE-90E9-4D29-B700-E61288FE47E9} = {110020AE-90E9-4D29-B700-E61288FE47E9}
	EndProjectSection
EndProject
Project("{8BC9CEB8-8B4A-11D0-8D11-00A0C91BC942}") = "MeshLoader", "MeshLoader\MeshLoader.vcxproj", "{2441C559-4041-4AD6-8486-D3035921EA95}"
EndProject
Project("{8BC9CEB8-8B4A-11D0-8D11-00A0C91BC942}") = "Game", "Game\Game.vcxproj", "{E6A8B5D9-C258-4DB8-A764-EE112D68FAFC}"
EndProject
Project("{8BC9CEB8-8B4A-11D0-8D11-00A0C91BC942}") = "Renderer", "Renderer\Renderer.vcxproj", "{F6FDFD38-60D8-48F7-B57D-5F7C2ED0085C}"
EndProject
Global
	GlobalSection(SolutionConfigurationPlatforms) = preSolution
		Debug|x64 = Debug|x64
		Debug|x86 = Debug|x86
		Release|x64 = Release|x64
		Release|x86 = Release|x86
	EndGlobalSection
	GlobalSection(ProjectConfigurationPlatforms) = postSolution
		{0FD532D1-F0E2-40D3-B07B-B146A91991DE}.Debug|x64.ActiveCfg = Debug|x64
		{0FD532D1-F0E2-40D3-B07B-B146A91991DE}.Debug|x64.Build.0 = Debug|x64
		{0FD532D1-F0E2-40D3-B07B-B146A91991DE}.Debug|x86.ActiveCfg = Debug|Win32
		{0FD532D1-F0E2-40D3-B07B-B146A91991DE}.Debug|x86.Build.0 = Debug|Win32
		{0FD532D1-F0E2-40D3-B07B-B146A91991DE}.Release|x64.ActiveCfg = Release|x64
		{0FD532D1-F0E2-40D3-B07B-B146A91991DE}.Release|x64.Build.0 = Release|x64
		{0FD532D1-F0E2-40D3-B07B-B146A91991DE}.Release|x86.ActiveCfg = Release|Win32
		{0FD532D1-F0E2-40D3-B07B-B146A91991DE}.Release|x86.Build.0 = Release|Win32
		{7EA21D23-3E70-4B0D-9E5F-FF95F018408D}.Debug|x64.ActiveCfg = Debug|x64
		{7EA21D23-3E70-4B0D-9E5F-FF95F018408D}.Debug|x64.Build.0 = Debug|x64
		{7EA21D23-3E70-4B0D-9E5F-FF95F018408D}.Debug|x86.ActiveCfg = Debug|Win32
		{7EA21D23-3E70-4B0D-9E5F-FF95F018408D}.Debug|x86.Build.0 = Debug|Win32
		{7EA21D23-3E70-4B0D-9E5F-FF95F018408D}.Release|x64.ActiveCfg = Release|x64
		{7EA21D23-3E70-4B0D-9E5F-FF95F018408D}.Release|x64.Build.0 = Release|x64
		{7EA21D23-3E70-4B0D-9E5F-FF95F018408D}.Release|x86.ActiveCfg = Release|Win32
		{7EA21D23-3E70-4B0D-9E5F-FF95F018408D}.Release|x86.Build.0 = Release|Win32
		{741CE5AF-09EA-455B-98AA-032D1A0A7569}.Debug|x64.ActiveCfg = Debug|x64
		{741CE5AF-09EA-455B-98AA-032D1A0A7569}.Debug|x64.Build.0 = Debug|x64
		{741CE5AF-09EA-455B-98AA-032D1A0A7569}.Debug|x86.ActiveCfg = Debug|Win32
		{741CE5AF-09EA-455B-98AA-032D1A0A7569}.Debug|x86.Build.0 = Debug|Win32
		{741CE5AF-09EA-455B-98AA-032D1A0A7569}.Release|x64.ActiveCfg = Release|x64
		{741CE5AF-09EA-455B-98AA-032D1A0A7569}.Release|x64.Build.0 = Release|x64
		{741CE5AF-09EA-455B-98AA-032D1A0A7569}.Release|x86.ActiveCfg = Release|Win32
		{741CE5AF-09EA-455B-98AA-032D1A0A7569}.Release|x86.Build.0 = Release|Win32
		{110020AE-90E9-4D29-B700-E61288FE47E9}.Debug|x64.ActiveCfg = Debug|x64
		{110020AE-90E9-4D29-B700-E61288FE47E9}.Debug|x64.Build.0 = Debug|x64
		{110020AE-90E9-4D29-B700-E61288FE47E9}.Debug|x86.ActiveCfg = Debug|Win32
		{110020AE-90E9-4D29-B700-E61288FE47E9}.Debug|x86.Build.0 = Debug|Win32
		{110020AE-90E9-4D29-B700-E61288FE47E9}.Release|x64.ActiveCfg = Release|x64
		{110020AE-90E9-4D29-B700-E61288FE47E9}.Release|x64.Build.0 = Release|x64
		{110020AE-90E9-4D29-B700-E61288FE47E9}.Release|x86.ActiveCfg = Release|Win32
		{110020AE-90E9-4D29-B700-E61288FE47E9}.Release|x86.Build.0 = Release|Win32
		{DD834B1E-3AC9-4445-AC2A-AE120E2AC424}.Debug|x64.ActiveCfg = Debug|x64
		{DD834B1E-3AC9-4445-AC2A-AE120E2AC424}.Debug|x64.Build.0 = Debug|x64
		{DD834B1E-3AC9-4445-AC2A-AE120E2AC424}.Debug|x86.ActiveCfg = Debug|Win32
		{DD834B1E-3AC9-4445-AC2A-AE120E2AC424}.Debug|x86.Build.0 = Debug|Win32
		{DD834B1E-3AC9-4445-AC2A-AE120E2AC424}.Release|x64.ActiveCfg = Release|x64
		{DD834B1E-3AC9-4445-AC2A-AE120E2AC424}.Release|x64.Build.0 = Release|x64
		{DD834B1E-3AC9-4445-AC2A-AE120E2AC424}.Release|x86.ActiveCfg = Release|Win32
		{DD834B1E-3AC9-4445-AC2A-AE120E2AC424}.Release|x86.Build.0 = Release|Win32
		{2441C559-4041-4AD6-8486-D3035921EA95}.Debug|x64.ActiveCfg = Debug|x64
		{2441C559-4041-4AD6-8486-D3035921EA95}.Debug|x64.Build.0 = Debug|x64
		{2441C559-4041-4AD6-8486-D3035921EA95}.Debug|x86.ActiveCfg = Debug|Win32
		{2441C559-4041-4AD6-8486-D3035921EA95}.Debug|x86.Build.0 = Debug|Win32
		{2441C559-4041-4AD6-8486-D3035921EA95}.Release|x64.ActiveCfg = Release|x64
		{2441C559-4041-4AD6-8486-D3035921EA95}.Release|x64.Build.0 = Release|x64
		{2441C559-4041-4AD6-8486-D3035921EA95}.Release|x86.ActiveCfg = Release|Win32
		{2441C559-4041-4AD6-8486-D3035921EA95}.Release|x86.Build.0 = Release|Win32
		{E6A8B5D9-C258-4DB8-A764-EE112D68FAFC}.Debug|x64.ActiveCfg = Debug|x64
		{E6A8B5D9-C258-4DB8-A764-EE112D68FAFC}.Debug|x64.Build.0 = Debug|x64
		{E6A8B5D9-C258-4DB8-A764-EE112D68FAFC}.Debug|x86.ActiveCfg = Debug|Win32
		{E6A8B5D9-C258-4DB8-A764-EE112D68FAFC}.Debug|x86.Build.0 = Debug|Win32
		{E6A8B5D9-C258-4DB8-A764-EE112D68FAFC}.Release|x64.ActiveCfg = Release|x64
		{E6A8B5D9-C258-4DB8-A764-EE112D68FAFC}.Release|x64.Build.0 = Release|x64
		{E6A8B5D9-C258-4DB8-A764-EE112D68FAFC}.Release|x86.ActiveCfg = Release|Win32
		{E6A8B5D9-C258-4DB8-A764-EE112D68FAFC}.Release|x86.Build.0 = Release|Win32
		{F6FDFD38-60D8-48F7-B57D-5F7C2ED0085C}.Debug|x64.ActiveCfg = Debug|x64
		{F6FDFD38-60D8-48F7-B57D-5F7C2ED0085C}.Debug|x64.Build.0 = Debug|x64
		{F6FDFD38-60D8-48F7-B57D-5F7C2ED0085C}.Debug|x86.ActiveCfg = Debug|Win32
		{F6FDFD38-60D8-48F7-B57D-5F7C2ED0085C}.Debug|x86.Build.0 = Debug|Win32
		{F6FDFD38-60D8-48F7-B57D-5F7C2ED0085C}.Release|x64.ActiveCfg = Release|x64
		{F6FDFD38-60D8-48F7-B57D-5F7C2ED0085C}.Release|x64.Build.0 = Release|x64
		{F6FDFD38-60D8-48F7-B57D-5F7C2ED0085C}.Release|x86.ActiveCfg = Release|Win32
		{F6FDFD38-60D8-48F7-B57D-5F7C2ED0085C}.Release|x86.Build.0 = Release|Win32
	EndGlobalSection
	GlobalSection(SolutionProperties) = preSolution
		HideSolutionNode = FALSE
	EndGlobalSection
	GlobalSection(ExtensibilityGlobals) = postSolution
		SolutionGuid = {2E10588A-D39D-4BAD-AC6A-0ECDBB122408}
	EndGlobalSection
EndGlobal
