<?xml version="1.0" encoding="utf-8"?>
<Project ToolsVersion="4.0" xmlns="http://schemas.microsoft.com/developer/msbuild/2003">
  <ItemGroup>
    <Filter Include="MultiThreadLoopTest">
      <UniqueIdentifier>{5ee0cb47-082d-4f61-8430-e161455121a0}</UniqueIdentifier>
    </Filter>
    <Filter Include="MultiThreadLoopTest\Session">
      <UniqueIdentifier>{67286a51-a9c7-40b3-afff-f414dc1e3cc5}</UniqueIdentifier>
    </Filter>
    <Filter Include="MultiThreadLoopTest\Sector&amp;View">
      <UniqueIdentifier>{8428fb5f-066c-4ba2-8bc1-fdf8bf349617}</UniqueIdentifier>
    </Filter>
    <Filter Include="MultiThreadLoopTest\Frame">
      <UniqueIdentifier>{94f6fbff-f3b2-4b14-b8f5-e4d2eaae2a1c}</UniqueIdentifier>
    </Filter>
    <Filter Include="MultiThreadLoopTest\ObjectManager">
      <UniqueIdentifier>{0522bd71-083f-44e2-9a1b-e5bf4fcdf7c2}</UniqueIdentifier>
    </Filter>
    <Filter Include="MultiThreadLoopTest\Collision">
      <UniqueIdentifier>{816b1b28-ece8-451f-aa47-278dacc8d10b}</UniqueIdentifier>
    </Filter>
    <Filter Include="Regacy">
      <UniqueIdentifier>{6f2fb448-a218-4dae-ac8e-69b57049200a}</UniqueIdentifier>
    </Filter>
    <Filter Include="MultiThreadLoopTest\Resource">
      <UniqueIdentifier>{f03619d1-2309-4a3d-994e-1786d3c6082c}</UniqueIdentifier>
    </Filter>
    <Filter Include="MultiThreadLoopTest\Pch">
      <UniqueIdentifier>{c33958bc-2be3-4005-9a28-ab9cd7a44671}</UniqueIdentifier>
    </Filter>
    <Filter Include="MaybeReuse">
      <UniqueIdentifier>{d73b7875-f5ee-4c83-bf48-22772279a75c}</UniqueIdentifier>
    </Filter>
    <Filter Include="MaybeReuse\Graph">
      <UniqueIdentifier>{1b284061-0b82-4ed7-a035-c59ee0553925}</UniqueIdentifier>
    </Filter>
    <Filter Include="MaybeReuse\Graph\GraphSearch">
      <UniqueIdentifier>{ea01f14d-fee2-497c-925e-18449b5c8052}</UniqueIdentifier>
    </Filter>
    <Filter Include="MaybeReuse\Graph\GraphBase">
      <UniqueIdentifier>{46614c48-9d7a-484a-a51f-64d9233bd237}</UniqueIdentifier>
    </Filter>
    <Filter Include="MaybeReuse\Graph\PriorityQueue">
      <UniqueIdentifier>{72e3f717-ae76-4796-9986-87783ddff148}</UniqueIdentifier>
    </Filter>
    <Filter Include="MaybeReuse\Map">
      <UniqueIdentifier>{1938af07-f06e-4960-a6b9-02d3fe1874e6}</UniqueIdentifier>
    </Filter>
    <Filter Include="MaybeReuse\Script">
      <UniqueIdentifier>{f2c819ec-3d47-4d52-93cd-a3d3bea2e826}</UniqueIdentifier>
    </Filter>
    <Filter Include="MultiThreadLoopTest\BaseComponent">
      <UniqueIdentifier>{1d191cc2-623c-426c-b9f5-9be760463827}</UniqueIdentifier>
    </Filter>
    <Filter Include="Regacy\Collision">
      <UniqueIdentifier>{8d52854a-4d78-44c9-bd56-5e9f29d605bb}</UniqueIdentifier>
    </Filter>
    <Filter Include="Regacy\Collision\CollisionCheck">
      <UniqueIdentifier>{c4b819e4-01ff-406c-8624-db4874c2c8b7}</UniqueIdentifier>
    </Filter>
    <Filter Include="Regacy\Collision\Collider">
      <UniqueIdentifier>{cef0a9ff-4a48-455b-bdae-f0e889a147b7}</UniqueIdentifier>
    </Filter>
    <Filter Include="Regacy\Animation">
      <UniqueIdentifier>{ca2a0725-a3e9-4bce-a7fc-4becb610673a}</UniqueIdentifier>
    </Filter>
    <Filter Include="Regacy\Attack">
      <UniqueIdentifier>{0ec17123-8f6e-4463-a8b6-70e1a3f77296}</UniqueIdentifier>
    </Filter>
    <Filter Include="Regacy\Attack\Weapon">
      <UniqueIdentifier>{5bdb23f0-7f45-49b4-bdd9-2dd54094a7ae}</UniqueIdentifier>
    </Filter>
    <Filter Include="Regacy\Attack\AttackSystem">
      <UniqueIdentifier>{95a3be85-1cf0-41f1-82ae-8c70dfcccaed}</UniqueIdentifier>
    </Filter>
    <Filter Include="MultiThreadLoopTest\BehaviorTree">
      <UniqueIdentifier>{95ed22be-e650-4d9c-81d8-f9f77195b696}</UniqueIdentifier>
    </Filter>
    <Filter Include="MultiThreadLoopTest\BehaviorTree\BT_Monster">
      <UniqueIdentifier>{1b526a72-8971-4d1e-8236-7986ba6ffdd1}</UniqueIdentifier>
    </Filter>
    <Filter Include="MultiThreadLoopTest\Script">
      <UniqueIdentifier>{66233865-9e14-4265-9d98-2f2094efb7a9}</UniqueIdentifier>
    </Filter>
    <Filter Include="MultiThreadLoopTest\Utils">
      <UniqueIdentifier>{8389f802-350b-4427-bf5b-bc265ed71c1b}</UniqueIdentifier>
    </Filter>
    <Filter Include="MultiThreadLoopTest\Events">
      <UniqueIdentifier>{74abd418-50dc-437c-b5e2-b0062e0901c8}</UniqueIdentifier>
    </Filter>
  </ItemGroup>
  <ItemGroup>
    <ClCompile Include="TerrainCollider.cpp">
      <Filter>Regacy\Collision\Collider</Filter>
    </ClCompile>
    <ClCompile Include="BT_MonsterChase.cpp">
      <Filter>MultiThreadLoopTest\BehaviorTree\BT_Monster</Filter>
    </ClCompile>
    <ClCompile Include="GraphSearch.cpp">
      <Filter>MaybeReuse\Graph\GraphSearch</Filter>
    </ClCompile>
    <ClCompile Include="GraphMap.cpp">
      <Filter>MaybeReuse\Map</Filter>
    </ClCompile>
    <ClCompile Include="Weapon.cpp">
      <Filter>Regacy\Attack\Weapon</Filter>
    </ClCompile>
    <ClCompile Include="WeaponSystem.cpp">
      <Filter>Regacy\Attack\Weapon</Filter>
    </ClCompile>
    <ClCompile Include="AnimationStateMachine.cpp">
      <Filter>Regacy\Animation</Filter>
    </ClCompile>
    <ClCompile Include="BT_MonsterAttack.cpp">
      <Filter>MultiThreadLoopTest\BehaviorTree\BT_Monster</Filter>
    </ClCompile>
    <ClCompile Include="BT_MonsterRandomMove.cpp">
      <Filter>MultiThreadLoopTest\BehaviorTree\BT_Monster</Filter>
    </ClCompile>
    <ClCompile Include="BehaviorTreeBase.cpp">
      <Filter>MultiThreadLoopTest\BehaviorTree</Filter>
    </ClCompile>
    <ClCompile Include="BT_Monster.cpp">
      <Filter>MultiThreadLoopTest\BehaviorTree\BT_Monster</Filter>
    </ClCompile>
    <ClCompile Include="BT_Decider.cpp">
      <Filter>MultiThreadLoopTest\BehaviorTree</Filter>
    </ClCompile>
    <ClCompile Include="BT_MonsterAttacked.cpp">
      <Filter>MultiThreadLoopTest\BehaviorTree\BT_Monster</Filter>
    </ClCompile>
    <ClCompile Include="Sector.cpp">
      <Filter>MultiThreadLoopTest\Sector&amp;View</Filter>
    </ClCompile>
    <ClCompile Include="GameSession.cpp">
      <Filter>MultiThreadLoopTest\Session</Filter>
    </ClCompile>
    <ClCompile Include="ServerFrame.cpp">
      <Filter>MultiThreadLoopTest\Frame</Filter>
    </ClCompile>
    <ClCompile Include="GameTimer.cpp">
      <Filter>MultiThreadLoopTest\Frame</Filter>
    </ClCompile>
    <ClCompile Include="EmberFallServer.cpp">
      <Filter>MultiThreadLoopTest\Frame</Filter>
    </ClCompile>
    <ClCompile Include="ObjectManager.cpp">
      <Filter>MultiThreadLoopTest\ObjectManager</Filter>
    </ClCompile>
    <ClCompile Include="GameObject.cpp">
      <Filter>MultiThreadLoopTest\ObjectManager</Filter>
    </ClCompile>
    <ClCompile Include="Terrain.cpp">
      <Filter>MultiThreadLoopTest\Resource</Filter>
    </ClCompile>
    <ClCompile Include="InteractionSystem.cpp">
      <Filter>MultiThreadLoopTest\Sector&amp;View</Filter>
    </ClCompile>
    <ClCompile Include="ViewList.cpp">
      <Filter>MultiThreadLoopTest\Sector&amp;View</Filter>
    </ClCompile>
    <ClCompile Include="PathFinder.cpp">
      <Filter>MaybeReuse\Map</Filter>
    </ClCompile>
    <ClCompile Include="..\External\Include\DirectXTK12\SimpleMath.cpp">
      <Filter>MultiThreadLoopTest\Sector&amp;View</Filter>
    </ClCompile>
    <ClCompile Include="FbsPacketProcessFn.cpp">
      <Filter>MultiThreadLoopTest\Session</Filter>
    </ClCompile>
    <ClCompile Include="GameObjectComponent.cpp">
      <Filter>MultiThreadLoopTest\BaseComponent</Filter>
    </ClCompile>
    <ClCompile Include="Physics.cpp">
      <Filter>MultiThreadLoopTest\BaseComponent</Filter>
    </ClCompile>
    <ClCompile Include="Transform.cpp">
      <Filter>MultiThreadLoopTest\BaseComponent</Filter>
    </ClCompile>
    <ClCompile Include="Input.cpp">
      <Filter>MultiThreadLoopTest\Session</Filter>
    </ClCompile>
    <ClCompile Include="CollisionManager.cpp">
      <Filter>MultiThreadLoopTest\Collision</Filter>
    </ClCompile>
    <ClCompile Include="Collider.cpp">
      <Filter>MultiThreadLoopTest\Collision</Filter>
    </ClCompile>
    <ClCompile Include="BoundingBoxImporter.cpp">
      <Filter>MultiThreadLoopTest\Resource</Filter>
    </ClCompile>
    <ClCompile Include="MonsterScript.cpp">
      <Filter>MultiThreadLoopTest\Script</Filter>
    </ClCompile>
    <ClCompile Include="PlayerScript.cpp">
      <Filter>MultiThreadLoopTest\Script</Filter>
    </ClCompile>
    <ClCompile Include="Resources.cpp">
      <Filter>MultiThreadLoopTest\Resource</Filter>
    </ClCompile>
    <ClCompile Include="GameRandom.cpp">
      <Filter>MultiThreadLoopTest\Utils</Filter>
    </ClCompile>
    <ClCompile Include="Events.cpp">
      <Filter>MultiThreadLoopTest\Events</Filter>
    </ClCompile>
    <ClCompile Include="GameEventFactory.cpp">
      <Filter>MultiThreadLoopTest\Events</Filter>
    </ClCompile>
    <ClCompile Include="pch.cpp">
      <Filter>MultiThreadLoopTest\Pch</Filter>
    </ClCompile>
    <ClCompile Include="EventTrigger.cpp">
      <Filter>MultiThreadLoopTest\Script</Filter>
    </ClCompile>
    <ClCompile Include="Trigger.cpp">
      <Filter>MultiThreadLoopTest\Script</Filter>
    </ClCompile>
    <ClCompile Include="Script.cpp">
      <Filter>MultiThreadLoopTest\Script</Filter>
    </ClCompile>
    <ClCompile Include="BossPlayerScript.cpp">
      <Filter>MultiThreadLoopTest\Script</Filter>
    </ClCompile>
    <ClCompile Include="ArrowScript.cpp">
      <Filter>MultiThreadLoopTest\Script</Filter>
    </ClCompile>
    <ClCompile Include="BuffScript.cpp">
      <Filter>MultiThreadLoopTest\Script</Filter>
    </ClCompile>
    <ClCompile Include="CorruptedGem.cpp">
      <Filter>MultiThreadLoopTest\Script</Filter>
    </ClCompile>
    <ClCompile Include="Inventory.cpp">
      <Filter>MultiThreadLoopTest\Script</Filter>
    </ClCompile>
    <ClCompile Include="ItemScript.cpp">
      <Filter>MultiThreadLoopTest\Script</Filter>
    </ClCompile>
    <ClCompile Include="Item.cpp">
      <Filter>MultiThreadLoopTest\Script</Filter>
    </ClCompile>
    <ClCompile Include="GraphBase.cpp">
      <Filter>MaybeReuse\Graph\GraphBase</Filter>
    </ClCompile>
  </ItemGroup>
  <ItemGroup>
    <ClInclude Include="BehaviorTreeBase.h">
      <Filter>MultiThreadLoopTest\BehaviorTree</Filter>
    </ClInclude>
    <ClInclude Include="TerrainCollider.h">
      <Filter>Regacy\Collision\Collider</Filter>
    </ClInclude>
    <ClInclude Include="BT_MonsterChase.h">
      <Filter>MultiThreadLoopTest\BehaviorTree\BT_Monster</Filter>
    </ClInclude>
    <ClInclude Include="GraphBase.h">
      <Filter>MaybeReuse\Graph\GraphBase</Filter>
    </ClInclude>
    <ClInclude Include="GraphSearch.h">
      <Filter>MaybeReuse\Graph\GraphSearch</Filter>
    </ClInclude>
    <ClInclude Include="IndexedPriorityQueue.h">
      <Filter>MaybeReuse\Graph\PriorityQueue</Filter>
    </ClInclude>
    <ClInclude Include="GraphMap.h">
      <Filter>MaybeReuse\Map</Filter>
    </ClInclude>
    <ClInclude Include="Weapon.h">
      <Filter>Regacy\Attack\Weapon</Filter>
    </ClInclude>
    <ClInclude Include="WeaponSystem.h">
      <Filter>Regacy\Attack\Weapon</Filter>
    </ClInclude>
    <ClInclude Include="AnimationStateMachine.h">
      <Filter>Regacy\Animation</Filter>
    </ClInclude>
    <ClInclude Include="BT_MonsterAttack.h">
      <Filter>MultiThreadLoopTest\BehaviorTree\BT_Monster</Filter>
    </ClInclude>
    <ClInclude Include="BT_MonsterRandomMove.h">
      <Filter>MultiThreadLoopTest\BehaviorTree\BT_Monster</Filter>
    </ClInclude>
    <ClInclude Include="BT_Monster.h">
      <Filter>MultiThreadLoopTest\BehaviorTree\BT_Monster</Filter>
    </ClInclude>
    <ClInclude Include="BT_Decider.h">
      <Filter>MultiThreadLoopTest\BehaviorTree</Filter>
    </ClInclude>
    <ClInclude Include="BT_MonsterAttacked.h">
      <Filter>MultiThreadLoopTest\BehaviorTree\BT_Monster</Filter>
    </ClInclude>
    <ClInclude Include="Sector.h">
      <Filter>MultiThreadLoopTest\Sector&amp;View</Filter>
    </ClInclude>
    <ClInclude Include="GameSession.h">
      <Filter>MultiThreadLoopTest\Session</Filter>
    </ClInclude>
    <ClInclude Include="ServerFrame.h">
      <Filter>MultiThreadLoopTest\Frame</Filter>
    </ClInclude>
    <ClInclude Include="GameTimer.h">
      <Filter>MultiThreadLoopTest\Frame</Filter>
    </ClInclude>
    <ClInclude Include="ObjectManager.h">
      <Filter>MultiThreadLoopTest\ObjectManager</Filter>
    </ClInclude>
    <ClInclude Include="GameObject.h">
      <Filter>MultiThreadLoopTest\ObjectManager</Filter>
    </ClInclude>
    <ClInclude Include="Terrain.h">
      <Filter>MultiThreadLoopTest\Resource</Filter>
    </ClInclude>
    <ClInclude Include="InteractionSystem.h">
      <Filter>MultiThreadLoopTest\Sector&amp;View</Filter>
    </ClInclude>
    <ClInclude Include="ViewList.h">
      <Filter>MultiThreadLoopTest\Sector&amp;View</Filter>
    </ClInclude>
    <ClInclude Include="PathFinder.h">
      <Filter>MaybeReuse\Map</Filter>
    </ClInclude>
    <ClInclude Include="FbsPacketProcessFn.h">
      <Filter>MultiThreadLoopTest\Session</Filter>
    </ClInclude>
    <ClInclude Include="GameObjectComponent.h">
      <Filter>MultiThreadLoopTest\BaseComponent</Filter>
    </ClInclude>
    <ClInclude Include="Physics.h">
      <Filter>MultiThreadLoopTest\BaseComponent</Filter>
    </ClInclude>
    <ClInclude Include="Transform.h">
      <Filter>MultiThreadLoopTest\BaseComponent</Filter>
    </ClInclude>
    <ClInclude Include="Input.h">
      <Filter>MultiThreadLoopTest\Session</Filter>
    </ClInclude>
    <ClInclude Include="CollisionManager.h">
      <Filter>MultiThreadLoopTest\Collision</Filter>
    </ClInclude>
    <ClInclude Include="Collider.h">
      <Filter>MultiThreadLoopTest\Collision</Filter>
    </ClInclude>
    <ClInclude Include="BoundingBoxImporter.h">
      <Filter>MultiThreadLoopTest\Resource</Filter>
    </ClInclude>
    <ClInclude Include="MonsterScript.h">
      <Filter>MultiThreadLoopTest\Script</Filter>
    </ClInclude>
    <ClInclude Include="PlayerScript.h">
      <Filter>MultiThreadLoopTest\Script</Filter>
    </ClInclude>
    <ClInclude Include="Resources.h">
      <Filter>MultiThreadLoopTest\Resource</Filter>
    </ClInclude>
    <ClInclude Include="GameRandom.h">
      <Filter>MultiThreadLoopTest\Utils</Filter>
    </ClInclude>
    <ClInclude Include="Events.h">
      <Filter>MultiThreadLoopTest\Events</Filter>
    </ClInclude>
    <ClInclude Include="GameEventFactory.h">
      <Filter>MultiThreadLoopTest\Events</Filter>
    </ClInclude>
    <ClInclude Include="pch.h">
      <Filter>MultiThreadLoopTest\Pch</Filter>
    </ClInclude>
    <ClInclude Include="EventTrigger.h">
      <Filter>MultiThreadLoopTest\Script</Filter>
    </ClInclude>
    <ClInclude Include="Trigger.h">
      <Filter>MultiThreadLoopTest\Script</Filter>
    </ClInclude>
    <ClInclude Include="Script.h">
      <Filter>MultiThreadLoopTest\Script</Filter>
    </ClInclude>
    <ClInclude Include="BossPlayerScript.h">
      <Filter>MultiThreadLoopTest\Script</Filter>
    </ClInclude>
    <ClInclude Include="CorruptedGem.h">
      <Filter>MultiThreadLoopTest\Script</Filter>
    </ClInclude>
    <ClInclude Include="ArrowScript.h">
      <Filter>MultiThreadLoopTest\Script</Filter>
    </ClInclude>
    <ClInclude Include="BuffScript.h">
      <Filter>MultiThreadLoopTest\Script</Filter>
    </ClInclude>
    <ClInclude Include="Inventory.h">
      <Filter>MultiThreadLoopTest\Script</Filter>
    </ClInclude>
    <ClInclude Include="Item.h">
      <Filter>MultiThreadLoopTest\Script</Filter>
    </ClInclude>
    <ClInclude Include="ItemScript.h">
      <Filter>MultiThreadLoopTest\Script</Filter>
    </ClInclude>
  </ItemGroup>
</Project>