<?xml version="1.0" encoding="utf-8"?>
<Project ToolsVersion="4.0" xmlns="http://schemas.microsoft.com/developer/msbuild/2003">
  <ItemGroup>
    <Filter Include="소스 파일">
      <UniqueIdentifier>{4FC737F1-C7A5-4376-A066-2A32D752A2FF}</UniqueIdentifier>
      <Extensions>cpp;c;cc;cxx;c++;cppm;ixx;def;odl;idl;hpj;bat;asm;asmx</Extensions>
    </Filter>
    <Filter Include="헤더 파일">
      <UniqueIdentifier>{93995380-89BD-4b04-88EB-625FBE52EBFB}</UniqueIdentifier>
      <Extensions>h;hh;hpp;hxx;h++;hm;inl;inc;ipp;xsd</Extensions>
    </Filter>
    <Filter Include="리소스 파일">
      <UniqueIdentifier>{67DA6AB6-F800-4c08-8B7A-83BB121AAD01}</UniqueIdentifier>
      <Extensions>rc;ico;cur;bmp;dlg;rc2;rct;bin;rgs;gif;jpg;jpeg;jpe;resx;tiff;tif;png;wav;mfcribbon-ms</Extensions>
    </Filter>
    <Filter Include="Core">
      <UniqueIdentifier>{753ab945-fe3e-45fd-9671-00512ba9013a}</UniqueIdentifier>
    </Filter>
    <Filter Include="Resource">
      <UniqueIdentifier>{42bedd54-c68b-433d-8a07-0566c1b390e7}</UniqueIdentifier>
    </Filter>
    <Filter Include="Shader">
      <UniqueIdentifier>{3cf66ffa-4534-4a2c-8fc4-bcbc1f5f77d9}</UniqueIdentifier>
    </Filter>
    <Filter Include="Manager">
      <UniqueIdentifier>{0ade9b90-ab5d-41b0-a160-6b396c42007e}</UniqueIdentifier>
    </Filter>
  </ItemGroup>
  <ItemGroup>
    <ClCompile Include="pch.cpp">
      <Filter>소스 파일</Filter>
    </ClCompile>
    <ClCompile Include="Core\Renderer.cpp">
      <Filter>Core</Filter>
    </ClCompile>
    <ClCompile Include="Resource\Texture.cpp">
      <Filter>Resource</Filter>
    </ClCompile>
    <ClCompile Include="Resource\DefaultBuffer.cpp">
      <Filter>Resource</Filter>
    </ClCompile>
    <ClCompile Include="core\Shader.cpp">
      <Filter>Core</Filter>
    </ClCompile>
    <ClCompile Include="Resource\Mesh.cpp">
      <Filter>Resource</Filter>
    </ClCompile>
    <ClCompile Include="Manager\MeshRenderManager.cpp">
      <Filter>Manager</Filter>
    </ClCompile>
    <ClCompile Include="Manager\TextureManager.cpp">
      <Filter>Manager</Filter>
    </ClCompile>
    <ClCompile Include="Manager\SceneManager.cpp">
      <Filter>Manager</Filter>
    </ClCompile>
    <ClCompile Include="Resource\UploadBuffer.cpp">
      <Filter>Resource</Filter>
    </ClCompile>
    <ClCompile Include="Core\DefferedRenderer.cpp">
      <Filter>Core</Filter>
    </ClCompile>
    <ClCompile Include="Core\StringRenderer.cpp">
      <Filter>Core</Filter>
    </ClCompile>
    <ClCompile Include="Core\ShadowRenderer.cpp">
      <Filter>Core</Filter>
    </ClCompile>
    <ClCompile Include="Manager\ParticleManager.cpp">
      <Filter>Manager</Filter>
    </ClCompile>
    <ClCompile Include="core\BlurComputeProcessor.cpp">
      <Filter>Core</Filter>
    </ClCompile>
  </ItemGroup>
  <ItemGroup>
    <ClInclude Include="pch.h">
      <Filter>헤더 파일</Filter>
    </ClInclude>
    <ClInclude Include="Core\Renderer.h">
      <Filter>Core</Filter>
    </ClInclude>
    <ClInclude Include="Resource\Texture.h">
      <Filter>Resource</Filter>
    </ClInclude>
    <ClInclude Include="Resource\DefaultBuffer.h">
      <Filter>Resource</Filter>
    </ClInclude>
    <ClInclude Include="core\Shader.h">
      <Filter>Core</Filter>
    </ClInclude>
    <ClInclude Include="Resource\Mesh.h">
      <Filter>Resource</Filter>
    </ClInclude>
    <ClInclude Include="Manager\TextureManager.h">
      <Filter>Manager</Filter>
    </ClInclude>
    <ClInclude Include="Manager\MeshRenderManager.h">
      <Filter>Manager</Filter>
    </ClInclude>
    <ClInclude Include="Manager\SceneManager.h">
      <Filter>Manager</Filter>
    </ClInclude>
    <ClInclude Include="Resource\UploadBuffer.h">
      <Filter>Resource</Filter>
    </ClInclude>
    <ClInclude Include="Core\DefferedRenderer.h">
      <Filter>Core</Filter>
    </ClInclude>
    <ClInclude Include="Core\StringRenderer.h">
      <Filter>Core</Filter>
    </ClInclude>
    <ClInclude Include="Core\ShadowRenderer.h">
      <Filter>Core</Filter>
    </ClInclude>
    <ClInclude Include="Manager\ParticleManager.h">
      <Filter>Manager</Filter>
    </ClInclude>
    <ClInclude Include="core\BlurComputeProcessor.h">
      <Filter>Core</Filter>
    </ClInclude>
  </ItemGroup>
  <ItemGroup>
    <FxCompile Include="..\Shader\Sources\Standard.hlsl">
      <Filter>Shader</Filter>
    </FxCompile>
    <FxCompile Include="..\Shader\Sources\TerrainTessellation.hlsl">
      <Filter>Shader</Filter>
    </FxCompile>
    <FxCompile Include="..\Shader\Sources\StandardAnimation.hlsl">
      <Filter>Shader</Filter>
    </FxCompile>
    <FxCompile Include="..\Shader\Sources\SkyBox.hlsl">
      <Filter>Shader</Filter>
    </FxCompile>
    <FxCompile Include="..\Shader\Sources\Deffered.hlsl">
      <Filter>Shader</Filter>
    </FxCompile>
    <FxCompile Include="..\Shader\Sources\SkeletonBoundingBoxRender.hlsl">
      <Filter>Shader</Filter>
    </FxCompile>
    <FxCompile Include="..\Shader\Sources\StandardBoundingBoxRender.hlsl">
      <Filter>Shader</Filter>
    </FxCompile>
    <FxCompile Include="..\Shader\Sources\Blur.hlsl">
      <Filter>Shader</Filter>
    </FxCompile>
  </ItemGroup>
  <ItemGroup>
    <Text Include="..\Shader\ShaderMetadata.txt">
      <Filter>Shader</Filter>
    </Text>
  </ItemGroup>
</Project>